
Microsoft Visual Studio Solution File, Format Version 12.00
# Visual Studio Version 17
VisualStudioVersion = 17.0.31903.59
MinimumVisualStudioVersion = 10.0.40219.1
Project("{2150E333-8FDC-42A3-9474-1A3956D46DE8}") = "src", "src", "{827E0CD3-B72D-47B6-A68D-7590B98EB39B}"
EndProject
Project("{FAE04EC0-301F-11D3-BF4B-00C04F79EFBC}") = "Jetar.Infrastructure", "src\Jetar.Infrastructure\Jetar.Infrastructure.csproj", "{13038DF2-615B-434B-8FDC-3F1D0D14D469}"
EndProject
Project("{FAE04EC0-301F-11D3-BF4B-00C04F79EFBC}") = "Jetar.API", "src\Jetar.API\Jetar.API.csproj", "{F12F630C-5674-40B1-949D-25E74A3DB7FC}"
EndProject
Project("{FAE04EC0-301F-11D3-BF4B-00C04F79EFBC}") = "Jetar.Tests", "tests\Jetar.Tests\Jetar.Tests.csproj", "{3150FFD0-92C7-4A7E-A556-108AF102EBD2}"
EndProject
Project("{FAE04EC0-301F-11D3-BF4B-00C04F79EFBC}") = "Jetar.Domain", "src\Jetar.Domain\Jetar.Domain.csproj", "{C644F1A1-2CFF-484B-BA42-C19C51EBF7DE}"
EndProject
Project("{FAE04EC0-301F-11D3-BF4B-00C04F79EFBC}") = "Jetar.Application", "src\Jetar.Application\Jetar.Application.csproj", "{BD93E233-7D1A-4164-9ADF-6052E8724447}"
EndProject
Global
	GlobalSection(SolutionConfigurationPlatforms) = preSolution
		Debug|Any CPU = Debug|Any CPU
		Debug|x64 = Debug|x64
		Debug|x86 = Debug|x86
		Release|Any CPU = Release|Any CPU
		Release|x64 = Release|x64
		Release|x86 = Release|x86
	EndGlobalSection
	GlobalSection(ProjectConfigurationPlatforms) = postSolution
		{13038DF2-615B-434B-8FDC-3F1D0D14D469}.Debug|Any CPU.ActiveCfg = Debug|Any CPU
		{13038DF2-615B-434B-8FDC-3F1D0D14D469}.Debug|Any CPU.Build.0 = Debug|Any CPU
		{13038DF2-615B-434B-8FDC-3F1D0D14D469}.Debug|x64.ActiveCfg = Debug|Any CPU
		{13038DF2-615B-434B-8FDC-3F1D0D14D469}.Debug|x64.Build.0 = Debug|Any CPU
		{13038DF2-615B-434B-8FDC-3F1D0D14D469}.Debug|x86.ActiveCfg = Debug|Any CPU
		{13038DF2-615B-434B-8FDC-3F1D0D14D469}.Debug|x86.Build.0 = Debug|Any CPU
		{13038DF2-615B-434B-8FDC-3F1D0D14D469}.Release|Any CPU.ActiveCfg = Release|Any CPU
		{13038DF2-615B-434B-8FDC-3F1D0D14D469}.Release|Any CPU.Build.0 = Release|Any CPU
		{13038DF2-615B-434B-8FDC-3F1D0D14D469}.Release|x64.ActiveCfg = Release|Any CPU
		{13038DF2-615B-434B-8FDC-3F1D0D14D469}.Release|x64.Build.0 = Release|Any CPU
		{13038DF2-615B-434B-8FDC-3F1D0D14D469}.Release|x86.ActiveCfg = Release|Any CPU
		{13038DF2-615B-434B-8FDC-3F1D0D14D469}.Release|x86.Build.0 = Release|Any CPU
		{F12F630C-5674-40B1-949D-25E74A3DB7FC}.Debug|Any CPU.ActiveCfg = Debug|Any CPU
		{F12F630C-5674-40B1-949D-25E74A3DB7FC}.Debug|Any CPU.Build.0 = Debug|Any CPU
		{F12F630C-5674-40B1-949D-25E74A3DB7FC}.Debug|x64.ActiveCfg = Debug|Any CPU
		{F12F630C-5674-40B1-949D-25E74A3DB7FC}.Debug|x64.Build.0 = Debug|Any CPU
		{F12F630C-5674-40B1-949D-25E74A3DB7FC}.Debug|x86.ActiveCfg = Debug|Any CPU
		{F12F630C-5674-40B1-949D-25E74A3DB7FC}.Debug|x86.Build.0 = Debug|Any CPU
		{F12F630C-5674-40B1-949D-25E74A3DB7FC}.Release|Any CPU.ActiveCfg = Release|Any CPU
		{F12F630C-5674-40B1-949D-25E74A3DB7FC}.Release|Any CPU.Build.0 = Release|Any CPU
		{F12F630C-5674-40B1-949D-25E74A3DB7FC}.Release|x64.ActiveCfg = Release|Any CPU
		{F12F630C-5674-40B1-949D-25E74A3DB7FC}.Release|x64.Build.0 = Release|Any CPU
		{F12F630C-5674-40B1-949D-25E74A3DB7FC}.Release|x86.ActiveCfg = Release|Any CPU
		{F12F630C-5674-40B1-949D-25E74A3DB7FC}.Release|x86.Build.0 = Release|Any CPU
		{3150FFD0-92C7-4A7E-A556-108AF102EBD2}.Debug|Any CPU.ActiveCfg = Debug|Any CPU
		{3150FFD0-92C7-4A7E-A556-108AF102EBD2}.Debug|Any CPU.Build.0 = Debug|Any CPU
		{3150FFD0-92C7-4A7E-A556-108AF102EBD2}.Debug|x64.ActiveCfg = Debug|Any CPU
		{3150FFD0-92C7-4A7E-A556-108AF102EBD2}.Debug|x64.Build.0 = Debug|Any CPU
		{3150FFD0-92C7-4A7E-A556-108AF102EBD2}.Debug|x86.ActiveCfg = Debug|Any CPU
		{3150FFD0-92C7-4A7E-A556-108AF102EBD2}.Debug|x86.Build.0 = Debug|Any CPU
		{3150FFD0-92C7-4A7E-A556-108AF102EBD2}.Release|Any CPU.ActiveCfg = Release|Any CPU
		{3150FFD0-92C7-4A7E-A556-108AF102EBD2}.Release|Any CPU.Build.0 = Release|Any CPU
		{3150FFD0-92C7-4A7E-A556-108AF102EBD2}.Release|x64.ActiveCfg = Release|Any CPU
		{3150FFD0-92C7-4A7E-A556-108AF102EBD2}.Release|x64.Build.0 = Release|Any CPU
		{3150FFD0-92C7-4A7E-A556-108AF102EBD2}.Release|x86.ActiveCfg = Release|Any CPU
		{3150FFD0-92C7-4A7E-A556-108AF102EBD2}.Release|x86.Build.0 = Release|Any CPU
		{C644F1A1-2CFF-484B-BA42-C19C51EBF7DE}.Debug|Any CPU.ActiveCfg = Debug|Any CPU
		{C644F1A1-2CFF-484B-BA42-C19C51EBF7DE}.Debug|Any CPU.Build.0 = Debug|Any CPU
		{C644F1A1-2CFF-484B-BA42-C19C51EBF7DE}.Debug|x64.ActiveCfg = Debug|Any CPU
		{C644F1A1-2CFF-484B-BA42-C19C51EBF7DE}.Debug|x64.Build.0 = Debug|Any CPU
		{C644F1A1-2CFF-484B-BA42-C19C51EBF7DE}.Debug|x86.ActiveCfg = Debug|Any CPU
		{C644F1A1-2CFF-484B-BA42-C19C51EBF7DE}.Debug|x86.Build.0 = Debug|Any CPU
		{C644F1A1-2CFF-484B-BA42-C19C51EBF7DE}.Release|Any CPU.ActiveCfg = Release|Any CPU
		{C644F1A1-2CFF-484B-BA42-C19C51EBF7DE}.Release|Any CPU.Build.0 = Release|Any CPU
		{C644F1A1-2CFF-484B-BA42-C19C51EBF7DE}.Release|x64.ActiveCfg = Release|Any CPU
		{C644F1A1-2CFF-484B-BA42-C19C51EBF7DE}.Release|x64.Build.0 = Release|Any CPU
		{C644F1A1-2CFF-484B-BA42-C19C51EBF7DE}.Release|x86.ActiveCfg = Release|Any CPU
		{C644F1A1-2CFF-484B-BA42-C19C51EBF7DE}.Release|x86.Build.0 = Release|Any CPU
		{BD93E233-7D1A-4164-9ADF-6052E8724447}.Debug|Any CPU.ActiveCfg = Debug|Any CPU
		{BD93E233-7D1A-4164-9ADF-6052E8724447}.Debug|Any CPU.Build.0 = Debug|Any CPU
		{BD93E233-7D1A-4164-9ADF-6052E8724447}.Debug|x64.ActiveCfg = Debug|Any CPU
		{BD93E233-7D1A-4164-9ADF-6052E8724447}.Debug|x64.Build.0 = Debug|Any CPU
		{BD93E233-7D1A-4164-9ADF-6052E8724447}.Debug|x86.ActiveCfg = Debug|Any CPU
		{BD93E233-7D1A-4164-9ADF-6052E8724447}.Debug|x86.Build.0 = Debug|Any CPU
		{BD93E233-7D1A-4164-9ADF-6052E8724447}.Release|Any CPU.ActiveCfg = Release|Any CPU
		{BD93E233-7D1A-4164-9ADF-6052E8724447}.Release|Any CPU.Build.0 = Release|Any CPU
		{BD93E233-7D1A-4164-9ADF-6052E8724447}.Release|x64.ActiveCfg = Release|Any CPU
		{BD93E233-7D1A-4164-9ADF-6052E8724447}.Release|x64.Build.0 = Release|Any CPU
		{BD93E233-7D1A-4164-9ADF-6052E8724447}.Release|x86.ActiveCfg = Release|Any CPU
		{BD93E233-7D1A-4164-9ADF-6052E8724447}.Release|x86.Build.0 = Release|Any CPU
	EndGlobalSection
	GlobalSection(SolutionProperties) = preSolution
		HideSolutionNode = FALSE
	EndGlobalSection
	GlobalSection(NestedProjects) = preSolution
		{13038DF2-615B-434B-8FDC-3F1D0D14D469} = {827E0CD3-B72D-47B6-A68D-7590B98EB39B}
		{F12F630C-5674-40B1-949D-25E74A3DB7FC} = {827E0CD3-B72D-47B6-A68D-7590B98EB39B}
		{3150FFD0-92C7-4A7E-A556-108AF102EBD2} = {827E0CD3-B72D-47B6-A68D-7590B98EB39B}
		{C644F1A1-2CFF-484B-BA42-C19C51EBF7DE} = {827E0CD3-B72D-47B6-A68D-7590B98EB39B}
		{BD93E233-7D1A-4164-9ADF-6052E8724447} = {827E0CD3-B72D-47B6-A68D-7590B98EB39B}
	EndGlobalSection
EndGlobal
